
Microsoft Visual Studio Solution File, Format Version 12.00
# Visual Studio 15
VisualStudioVersion = 15.0.26730.12
MinimumVisualStudioVersion = 10.0.40219.1
Project("{FAE04EC0-301F-11D3-BF4B-00C04F79EFBC}") = "BMIApp.Android", "BMIApp\BMIApp.Android\BMIApp.Android.csproj", "{BAC4E861-991B-4C3F-8A00-6FCF200347AB}"
EndProject
Project("{FAE04EC0-301F-11D3-BF4B-00C04F79EFBC}") = "BMIApp.iOS", "BMIApp\BMIApp.iOS\BMIApp.iOS.csproj", "{09692225-E9BC-46FD-9968-941C573D3BA4}"
EndProject
Project("{FAE04EC0-301F-11D3-BF4B-00C04F79EFBC}") = "BMIApp.UWP", "BMIApp\BMIApp.UWP\BMIApp.UWP.csproj", "{76432D2B-86B5-4BCA-990F-F591242301EE}"
EndProject
Project("{FAE04EC0-301F-11D3-BF4B-00C04F79EFBC}") = "BMIApp", "BMIApp\BMIApp\BMIApp.csproj", "{C6A06901-4E17-42F9-989E-09CE1B20D6BC}"
EndProject
Global
	GlobalSection(SolutionConfigurationPlatforms) = preSolution
		Debug|Any CPU = Debug|Any CPU
		Debug|ARM = Debug|ARM
		Debug|iPhone = Debug|iPhone
		Debug|iPhoneSimulator = Debug|iPhoneSimulator
		Debug|x64 = Debug|x64
		Debug|x86 = Debug|x86
		Release|Any CPU = Release|Any CPU
		Release|ARM = Release|ARM
		Release|iPhone = Release|iPhone
		Release|iPhoneSimulator = Release|iPhoneSimulator
		Release|x64 = Release|x64
		Release|x86 = Release|x86
	EndGlobalSection
	GlobalSection(ProjectConfigurationPlatforms) = postSolution
		{BAC4E861-991B-4C3F-8A00-6FCF200347AB}.Debug|Any CPU.ActiveCfg = Debug|Any CPU
		{BAC4E861-991B-4C3F-8A00-6FCF200347AB}.Debug|Any CPU.Build.0 = Debug|Any CPU
		{BAC4E861-991B-4C3F-8A00-6FCF200347AB}.Debug|Any CPU.Deploy.0 = Debug|Any CPU
		{BAC4E861-991B-4C3F-8A00-6FCF200347AB}.Debug|ARM.ActiveCfg = Debug|Any CPU
		{BAC4E861-991B-4C3F-8A00-6FCF200347AB}.Debug|ARM.Build.0 = Debug|Any CPU
		{BAC4E861-991B-4C3F-8A00-6FCF200347AB}.Debug|ARM.Deploy.0 = Debug|Any CPU
		{BAC4E861-991B-4C3F-8A00-6FCF200347AB}.Debug|iPhone.ActiveCfg = Debug|Any CPU
		{BAC4E861-991B-4C3F-8A00-6FCF200347AB}.Debug|iPhone.Build.0 = Debug|Any CPU
		{BAC4E861-991B-4C3F-8A00-6FCF200347AB}.Debug|iPhone.Deploy.0 = Debug|Any CPU
		{BAC4E861-991B-4C3F-8A00-6FCF200347AB}.Debug|iPhoneSimulator.ActiveCfg = Debug|Any CPU
		{BAC4E861-991B-4C3F-8A00-6FCF200347AB}.Debug|iPhoneSimulator.Build.0 = Debug|Any CPU
		{BAC4E861-991B-4C3F-8A00-6FCF200347AB}.Debug|iPhoneSimulator.Deploy.0 = Debug|Any CPU
		{BAC4E861-991B-4C3F-8A00-6FCF200347AB}.Debug|x64.ActiveCfg = Debug|Any CPU
		{BAC4E861-991B-4C3F-8A00-6FCF200347AB}.Debug|x64.Build.0 = Debug|Any CPU
		{BAC4E861-991B-4C3F-8A00-6FCF200347AB}.Debug|x64.Deploy.0 = Debug|Any CPU
		{BAC4E861-991B-4C3F-8A00-6FCF200347AB}.Debug|x86.ActiveCfg = Debug|Any CPU
		{BAC4E861-991B-4C3F-8A00-6FCF200347AB}.Debug|x86.Build.0 = Debug|Any CPU
		{BAC4E861-991B-4C3F-8A00-6FCF200347AB}.Debug|x86.Deploy.0 = Debug|Any CPU
		{BAC4E861-991B-4C3F-8A00-6FCF200347AB}.Release|Any CPU.ActiveCfg = Release|Any CPU
		{BAC4E861-991B-4C3F-8A00-6FCF200347AB}.Release|Any CPU.Build.0 = Release|Any CPU
		{BAC4E861-991B-4C3F-8A00-6FCF200347AB}.Release|Any CPU.Deploy.0 = Release|Any CPU
		{BAC4E861-991B-4C3F-8A00-6FCF200347AB}.Release|ARM.ActiveCfg = Release|Any CPU
		{BAC4E861-991B-4C3F-8A00-6FCF200347AB}.Release|ARM.Build.0 = Release|Any CPU
		{BAC4E861-991B-4C3F-8A00-6FCF200347AB}.Release|ARM.Deploy.0 = Release|Any CPU
		{BAC4E861-991B-4C3F-8A00-6FCF200347AB}.Release|iPhone.ActiveCfg = Release|Any CPU
		{BAC4E861-991B-4C3F-8A00-6FCF200347AB}.Release|iPhone.Build.0 = Release|Any CPU
		{BAC4E861-991B-4C3F-8A00-6FCF200347AB}.Release|iPhone.Deploy.0 = Release|Any CPU
		{BAC4E861-991B-4C3F-8A00-6FCF200347AB}.Release|iPhoneSimulator.ActiveCfg = Release|Any CPU
		{BAC4E861-991B-4C3F-8A00-6FCF200347AB}.Release|iPhoneSimulator.Build.0 = Release|Any CPU
		{BAC4E861-991B-4C3F-8A00-6FCF200347AB}.Release|iPhoneSimulator.Deploy.0 = Release|Any CPU
		{BAC4E861-991B-4C3F-8A00-6FCF200347AB}.Release|x64.ActiveCfg = Release|Any CPU
		{BAC4E861-991B-4C3F-8A00-6FCF200347AB}.Release|x64.Build.0 = Release|Any CPU
		{BAC4E861-991B-4C3F-8A00-6FCF200347AB}.Release|x64.Deploy.0 = Release|Any CPU
		{BAC4E861-991B-4C3F-8A00-6FCF200347AB}.Release|x86.ActiveCfg = Release|Any CPU
		{BAC4E861-991B-4C3F-8A00-6FCF200347AB}.Release|x86.Build.0 = Release|Any CPU
		{BAC4E861-991B-4C3F-8A00-6FCF200347AB}.Release|x86.Deploy.0 = Release|Any CPU
		{09692225-E9BC-46FD-9968-941C573D3BA4}.Debug|Any CPU.ActiveCfg = Debug|iPhone
		{09692225-E9BC-46FD-9968-941C573D3BA4}.Debug|ARM.ActiveCfg = Debug|iPhone
		{09692225-E9BC-46FD-9968-941C573D3BA4}.Debug|iPhone.ActiveCfg = Debug|iPhone
		{09692225-E9BC-46FD-9968-941C573D3BA4}.Debug|iPhone.Build.0 = Debug|iPhone
		{09692225-E9BC-46FD-9968-941C573D3BA4}.Debug|iPhoneSimulator.ActiveCfg = Debug|iPhoneSimulator
		{09692225-E9BC-46FD-9968-941C573D3BA4}.Debug|iPhoneSimulator.Build.0 = Debug|iPhoneSimulator
		{09692225-E9BC-46FD-9968-941C573D3BA4}.Debug|x64.ActiveCfg = Debug|iPhone
		{09692225-E9BC-46FD-9968-941C573D3BA4}.Debug|x86.ActiveCfg = Debug|iPhone
		{09692225-E9BC-46FD-9968-941C573D3BA4}.Release|Any CPU.ActiveCfg = Release|iPhone
		{09692225-E9BC-46FD-9968-941C573D3BA4}.Release|ARM.ActiveCfg = Release|iPhone
		{09692225-E9BC-46FD-9968-941C573D3BA4}.Release|iPhone.ActiveCfg = Release|iPhone
		{09692225-E9BC-46FD-9968-941C573D3BA4}.Release|iPhone.Build.0 = Release|iPhone
		{09692225-E9BC-46FD-9968-941C573D3BA4}.Release|iPhoneSimulator.ActiveCfg = Release|iPhoneSimulator
		{09692225-E9BC-46FD-9968-941C573D3BA4}.Release|iPhoneSimulator.Build.0 = Release|iPhoneSimulator
		{09692225-E9BC-46FD-9968-941C573D3BA4}.Release|x64.ActiveCfg = Release|iPhone
		{09692225-E9BC-46FD-9968-941C573D3BA4}.Release|x86.ActiveCfg = Release|iPhone
		{76432D2B-86B5-4BCA-990F-F591242301EE}.Debug|Any CPU.ActiveCfg = Debug|x86
		{76432D2B-86B5-4BCA-990F-F591242301EE}.Debug|ARM.ActiveCfg = Debug|ARM
		{76432D2B-86B5-4BCA-990F-F591242301EE}.Debug|ARM.Build.0 = Debug|ARM
		{76432D2B-86B5-4BCA-990F-F591242301EE}.Debug|ARM.Deploy.0 = Debug|ARM
		{76432D2B-86B5-4BCA-990F-F591242301EE}.Debug|iPhone.ActiveCfg = Debug|x86
		{76432D2B-86B5-4BCA-990F-F591242301EE}.Debug|iPhoneSimulator.ActiveCfg = Debug|x86
		{76432D2B-86B5-4BCA-990F-F591242301EE}.Debug|x64.ActiveCfg = Debug|x64
		{76432D2B-86B5-4BCA-990F-F591242301EE}.Debug|x64.Build.0 = Debug|x64
		{76432D2B-86B5-4BCA-990F-F591242301EE}.Debug|x64.Deploy.0 = Debug|x64
		{76432D2B-86B5-4BCA-990F-F591242301EE}.Debug|x86.ActiveCfg = Debug|x86
		{76432D2B-86B5-4BCA-990F-F591242301EE}.Debug|x86.Build.0 = Debug|x86
		{76432D2B-86B5-4BCA-990F-F591242301EE}.Debug|x86.Deploy.0 = Debug|x86
		{76432D2B-86B5-4BCA-990F-F591242301EE}.Release|Any CPU.ActiveCfg = Release|x86
		{76432D2B-86B5-4BCA-990F-F591242301EE}.Release|ARM.ActiveCfg = Release|ARM
		{76432D2B-86B5-4BCA-990F-F591242301EE}.Release|ARM.Build.0 = Release|ARM
		{76432D2B-86B5-4BCA-990F-F591242301EE}.Release|ARM.Deploy.0 = Release|ARM
		{76432D2B-86B5-4BCA-990F-F591242301EE}.Release|iPhone.ActiveCfg = Release|x86
		{76432D2B-86B5-4BCA-990F-F591242301EE}.Release|iPhoneSimulator.ActiveCfg = Release|x86
		{76432D2B-86B5-4BCA-990F-F591242301EE}.Release|x64.ActiveCfg = Release|x64
		{76432D2B-86B5-4BCA-990F-F591242301EE}.Release|x64.Build.0 = Release|x64
		{76432D2B-86B5-4BCA-990F-F591242301EE}.Release|x64.Deploy.0 = Release|x64
		{76432D2B-86B5-4BCA-990F-F591242301EE}.Release|x86.ActiveCfg = Release|x86
		{76432D2B-86B5-4BCA-990F-F591242301EE}.Release|x86.Build.0 = Release|x86
		{76432D2B-86B5-4BCA-990F-F591242301EE}.Release|x86.Deploy.0 = Release|x86
		{C6A06901-4E17-42F9-989E-09CE1B20D6BC}.Debug|Any CPU.ActiveCfg = Debug|Any CPU
		{C6A06901-4E17-42F9-989E-09CE1B20D6BC}.Debug|Any CPU.Build.0 = Debug|Any CPU
		{C6A06901-4E17-42F9-989E-09CE1B20D6BC}.Debug|ARM.ActiveCfg = Debug|Any CPU
		{C6A06901-4E17-42F9-989E-09CE1B20D6BC}.Debug|ARM.Build.0 = Debug|Any CPU
		{C6A06901-4E17-42F9-989E-09CE1B20D6BC}.Debug|iPhone.ActiveCfg = Debug|Any CPU
		{C6A06901-4E17-42F9-989E-09CE1B20D6BC}.Debug|iPhone.Build.0 = Debug|Any CPU
		{C6A06901-4E17-42F9-989E-09CE1B20D6BC}.Debug|iPhoneSimulator.ActiveCfg = Debug|Any CPU
		{C6A06901-4E17-42F9-989E-09CE1B20D6BC}.Debug|iPhoneSimulator.Build.0 = Debug|Any CPU
		{C6A06901-4E17-42F9-989E-09CE1B20D6BC}.Debug|x64.ActiveCfg = Debug|Any CPU
		{C6A06901-4E17-42F9-989E-09CE1B20D6BC}.Debug|x64.Build.0 = Debug|Any CPU
		{C6A06901-4E17-42F9-989E-09CE1B20D6BC}.Debug|x86.ActiveCfg = Debug|Any CPU
		{C6A06901-4E17-42F9-989E-09CE1B20D6BC}.Debug|x86.Build.0 = Debug|Any CPU
		{C6A06901-4E17-42F9-989E-09CE1B20D6BC}.Release|Any CPU.ActiveCfg = Release|Any CPU
		{C6A06901-4E17-42F9-989E-09CE1B20D6BC}.Release|Any CPU.Build.0 = Release|Any CPU
		{C6A06901-4E17-42F9-989E-09CE1B20D6BC}.Release|ARM.ActiveCfg = Release|Any CPU
		{C6A06901-4E17-42F9-989E-09CE1B20D6BC}.Release|ARM.Build.0 = Release|Any CPU
		{C6A06901-4E17-42F9-989E-09CE1B20D6BC}.Release|iPhone.ActiveCfg = Release|Any CPU
		{C6A06901-4E17-42F9-989E-09CE1B20D6BC}.Release|iPhone.Build.0 = Release|Any CPU
		{C6A06901-4E17-42F9-989E-09CE1B20D6BC}.Release|iPhoneSimulator.ActiveCfg = Release|Any CPU
		{C6A06901-4E17-42F9-989E-09CE1B20D6BC}.Release|iPhoneSimulator.Build.0 = Release|Any CPU
		{C6A06901-4E17-42F9-989E-09CE1B20D6BC}.Release|x64.ActiveCfg = Release|Any CPU
		{C6A06901-4E17-42F9-989E-09CE1B20D6BC}.Release|x64.Build.0 = Release|Any CPU
		{C6A06901-4E17-42F9-989E-09CE1B20D6BC}.Release|x86.ActiveCfg = Release|Any CPU
		{C6A06901-4E17-42F9-989E-09CE1B20D6BC}.Release|x86.Build.0 = Release|Any CPU
	EndGlobalSection
	GlobalSection(SolutionProperties) = preSolution
		HideSolutionNode = FALSE
	EndGlobalSection
	GlobalSection(ExtensibilityGlobals) = postSolution
		SolutionGuid = {A33284C6-8F23-4062-A42E-E74330C45E9E}
	EndGlobalSection
EndGlobal
